
Microsoft Visual Studio Solution File, Format Version 12.00
# Visual Studio Version 17
VisualStudioVersion = 17.9.34728.123
MinimumVisualStudioVersion = 10.0.40219.1
Project("{FAE04EC0-301F-11D3-BF4B-00C04F79EFBC}") = "ZadWarunki-13", "ZadWarunki-13\ZadWarunki-13.csproj", "{DD874D3F-8168-43A0-94D0-BE2B8055C6F4}"
EndProject
Global
	GlobalSection(SolutionConfigurationPlatforms) = preSolution
		Debug|Any CPU = Debug|Any CPU
		Release|Any CPU = Release|Any CPU
	EndGlobalSection
	GlobalSection(ProjectConfigurationPlatforms) = postSolution
		{DD874D3F-8168-43A0-94D0-BE2B8055C6F4}.Debug|Any CPU.ActiveCfg = Debug|Any CPU
		{DD874D3F-8168-43A0-94D0-BE2B8055C6F4}.Debug|Any CPU.Build.0 = Debug|Any CPU
		{DD874D3F-8168-43A0-94D0-BE2B8055C6F4}.Release|Any CPU.ActiveCfg = Release|Any CPU
		{DD874D3F-8168-43A0-94D0-BE2B8055C6F4}.Release|Any CPU.Build.0 = Release|Any CPU
	EndGlobalSection
	GlobalSection(SolutionProperties) = preSolution
		HideSolutionNode = FALSE
	EndGlobalSection
	GlobalSection(ExtensibilityGlobals) = postSolution
		SolutionGuid = {7BFFE3E4-0C44-4CAB-A2D2-FEC28F771380}
	EndGlobalSection
EndGlobal
